
Microsoft Visual Studio Solution File, Format Version 12.00
# Visual Studio Version 16
VisualStudioVersion = 16.0.29519.181
MinimumVisualStudioVersion = 15.0.26124.0
Project("{9A19103F-16F7-4668-BE54-9A1E7A4F7556}") = "ApiBase", "ApiBase\ApiBase.csproj", "{8D481C99-6141-4372-981C-527520021332}"
EndProject
Project("{9A19103F-16F7-4668-BE54-9A1E7A4F7556}") = "ApiBase.UnitTests", "ApiBase.Tests\ApiBase.UnitTests.csproj", "{5A5CB779-EBC0-466B-AFC2-B722295ACE22}"
EndProject
Project("{9A19103F-16F7-4668-BE54-9A1E7A4F7556}") = "ApiBase.IntegrationTests", "ApiBase.IntegrationTests\ApiBase.IntegrationTests.csproj", "{CE86CD9B-C2BE-4183-BE43-78A3B7CA09CC}"
EndProject
Project("{FAE04EC0-301F-11D3-BF4B-00C04F79EFBC}") = "ApiBase.AcceptanceTests", "ApiBase.AcceptanceTests\ApiBase.AcceptanceTests.csproj", "{B30184ED-E354-4328-93BC-A65241E18200}"
EndProject
Global
	GlobalSection(SolutionConfigurationPlatforms) = preSolution
		Debug|Any CPU = Debug|Any CPU
		Debug|x64 = Debug|x64
		Debug|x86 = Debug|x86
		Release|Any CPU = Release|Any CPU
		Release|x64 = Release|x64
		Release|x86 = Release|x86
	EndGlobalSection
	GlobalSection(ProjectConfigurationPlatforms) = postSolution
		{8D481C99-6141-4372-981C-527520021332}.Debug|Any CPU.ActiveCfg = Debug|Any CPU
		{8D481C99-6141-4372-981C-527520021332}.Debug|Any CPU.Build.0 = Debug|Any CPU
		{8D481C99-6141-4372-981C-527520021332}.Debug|x64.ActiveCfg = Debug|Any CPU
		{8D481C99-6141-4372-981C-527520021332}.Debug|x64.Build.0 = Debug|Any CPU
		{8D481C99-6141-4372-981C-527520021332}.Debug|x86.ActiveCfg = Debug|Any CPU
		{8D481C99-6141-4372-981C-527520021332}.Debug|x86.Build.0 = Debug|Any CPU
		{8D481C99-6141-4372-981C-527520021332}.Release|Any CPU.ActiveCfg = Release|Any CPU
		{8D481C99-6141-4372-981C-527520021332}.Release|Any CPU.Build.0 = Release|Any CPU
		{8D481C99-6141-4372-981C-527520021332}.Release|x64.ActiveCfg = Release|Any CPU
		{8D481C99-6141-4372-981C-527520021332}.Release|x64.Build.0 = Release|Any CPU
		{8D481C99-6141-4372-981C-527520021332}.Release|x86.ActiveCfg = Release|Any CPU
		{8D481C99-6141-4372-981C-527520021332}.Release|x86.Build.0 = Release|Any CPU
		{5A5CB779-EBC0-466B-AFC2-B722295ACE22}.Debug|Any CPU.ActiveCfg = Debug|Any CPU
		{5A5CB779-EBC0-466B-AFC2-B722295ACE22}.Debug|Any CPU.Build.0 = Debug|Any CPU
		{5A5CB779-EBC0-466B-AFC2-B722295ACE22}.Debug|x64.ActiveCfg = Debug|Any CPU
		{5A5CB779-EBC0-466B-AFC2-B722295ACE22}.Debug|x64.Build.0 = Debug|Any CPU
		{5A5CB779-EBC0-466B-AFC2-B722295ACE22}.Debug|x86.ActiveCfg = Debug|Any CPU
		{5A5CB779-EBC0-466B-AFC2-B722295ACE22}.Debug|x86.Build.0 = Debug|Any CPU
		{5A5CB779-EBC0-466B-AFC2-B722295ACE22}.Release|Any CPU.ActiveCfg = Release|Any CPU
		{5A5CB779-EBC0-466B-AFC2-B722295ACE22}.Release|Any CPU.Build.0 = Release|Any CPU
		{5A5CB779-EBC0-466B-AFC2-B722295ACE22}.Release|x64.ActiveCfg = Release|Any CPU
		{5A5CB779-EBC0-466B-AFC2-B722295ACE22}.Release|x64.Build.0 = Release|Any CPU
		{5A5CB779-EBC0-466B-AFC2-B722295ACE22}.Release|x86.ActiveCfg = Release|Any CPU
		{5A5CB779-EBC0-466B-AFC2-B722295ACE22}.Release|x86.Build.0 = Release|Any CPU
		{CE86CD9B-C2BE-4183-BE43-78A3B7CA09CC}.Debug|Any CPU.ActiveCfg = Debug|Any CPU
		{CE86CD9B-C2BE-4183-BE43-78A3B7CA09CC}.Debug|Any CPU.Build.0 = Debug|Any CPU
		{CE86CD9B-C2BE-4183-BE43-78A3B7CA09CC}.Debug|x64.ActiveCfg = Debug|Any CPU
		{CE86CD9B-C2BE-4183-BE43-78A3B7CA09CC}.Debug|x64.Build.0 = Debug|Any CPU
		{CE86CD9B-C2BE-4183-BE43-78A3B7CA09CC}.Debug|x86.ActiveCfg = Debug|Any CPU
		{CE86CD9B-C2BE-4183-BE43-78A3B7CA09CC}.Debug|x86.Build.0 = Debug|Any CPU
		{CE86CD9B-C2BE-4183-BE43-78A3B7CA09CC}.Release|Any CPU.ActiveCfg = Release|Any CPU
		{CE86CD9B-C2BE-4183-BE43-78A3B7CA09CC}.Release|Any CPU.Build.0 = Release|Any CPU
		{CE86CD9B-C2BE-4183-BE43-78A3B7CA09CC}.Release|x64.ActiveCfg = Release|Any CPU
		{CE86CD9B-C2BE-4183-BE43-78A3B7CA09CC}.Release|x64.Build.0 = Release|Any CPU
		{CE86CD9B-C2BE-4183-BE43-78A3B7CA09CC}.Release|x86.ActiveCfg = Release|Any CPU
		{CE86CD9B-C2BE-4183-BE43-78A3B7CA09CC}.Release|x86.Build.0 = Release|Any CPU
		{B30184ED-E354-4328-93BC-A65241E18200}.Debug|Any CPU.ActiveCfg = Debug|Any CPU
		{B30184ED-E354-4328-93BC-A65241E18200}.Debug|Any CPU.Build.0 = Debug|Any CPU
		{B30184ED-E354-4328-93BC-A65241E18200}.Debug|x64.ActiveCfg = Debug|Any CPU
		{B30184ED-E354-4328-93BC-A65241E18200}.Debug|x64.Build.0 = Debug|Any CPU
		{B30184ED-E354-4328-93BC-A65241E18200}.Debug|x86.ActiveCfg = Debug|Any CPU
		{B30184ED-E354-4328-93BC-A65241E18200}.Debug|x86.Build.0 = Debug|Any CPU
		{B30184ED-E354-4328-93BC-A65241E18200}.Release|Any CPU.ActiveCfg = Release|Any CPU
		{B30184ED-E354-4328-93BC-A65241E18200}.Release|Any CPU.Build.0 = Release|Any CPU
		{B30184ED-E354-4328-93BC-A65241E18200}.Release|x64.ActiveCfg = Release|Any CPU
		{B30184ED-E354-4328-93BC-A65241E18200}.Release|x64.Build.0 = Release|Any CPU
		{B30184ED-E354-4328-93BC-A65241E18200}.Release|x86.ActiveCfg = Release|Any CPU
		{B30184ED-E354-4328-93BC-A65241E18200}.Release|x86.Build.0 = Release|Any CPU
	EndGlobalSection
	GlobalSection(SolutionProperties) = preSolution
		HideSolutionNode = FALSE
	EndGlobalSection
	GlobalSection(ExtensibilityGlobals) = postSolution
		SolutionGuid = {FD2DDE89-C39D-42DC-AED6-57AA7101DDDE}
	EndGlobalSection
EndGlobal
