{
  "requires": true,
  "lockfileVersion": 1,
  "dependencies": {
    "@babel/runtime": {
      "version": "7.12.5",
      "resolved": "https://registry.npmjs.org/@babel/runtime/-/runtime-7.12.5.tgz",
      "integrity": "sha512-plcc+hbExy3McchJCEQG3knOsuh3HH+Prx1P6cLIkET/0dLuQDEnrT+s27Axgc9bqfsmNUNHfscgMUdBpC9xfg==",
      "requires": {
        "regenerator-runtime": "^0.13.4"
      }
    },
    "@deck.gl/aggregation-layers": {
      "version": "8.3.14",
      "resolved": "https://registry.npmjs.org/@deck.gl/aggregation-layers/-/aggregation-layers-8.3.14.tgz",
      "integrity": "sha512-kX+BZxhcM8g3tFF7woxxF1g5soHSN/Vp9YygHBRo3YhIVgNHcMv1wkyMZ0XFxQ6mDSsqK87XWZrPQu8TFm/J3w==",
      "requires": {
        "@luma.gl/shadertools": "^8.3.1",
        "@math.gl/web-mercator": "^3.3.0",
        "d3-hexbin": "^0.2.1"
      }
    },
    "@deck.gl/carto": {
      "version": "8.3.14",
      "resolved": "https://registry.npmjs.org/@deck.gl/carto/-/carto-8.3.14.tgz",
      "integrity": "sha512-HSiI0ULCocWzoqW+waBc+5DqLdLdILoFwRbdiCxxmgD/u5luy4UkcJAgC5lNngt6JxaUeG0LUsixXU+SXcTHkg==",
      "requires": {
        "@loaders.gl/loader-utils": "^2.3.0",
        "@loaders.gl/mvt": "^2.3.0",
        "@loaders.gl/tiles": "^2.3.0",
        "@math.gl/web-mercator": "^3.3.0"
      }
    },
    "@deck.gl/core": {
      "version": "8.3.14",
      "resolved": "https://registry.npmjs.org/@deck.gl/core/-/core-8.3.14.tgz",
      "integrity": "sha512-fUdLGJk/TqC7goI//hAesGkT+jT/v852EYRZWskBh6CEgkuO3k+J4Y0DBYOe8XCpP7oYhLiMqoB89PXWfEeUcQ==",
      "requires": {
        "@loaders.gl/core": "^2.3.0",
        "@loaders.gl/images": "^2.3.0",
        "@luma.gl/core": "^8.3.1",
        "@math.gl/web-mercator": "^3.3.0",
        "gl-matrix": "^3.0.0",
        "math.gl": "^3.3.0",
        "mjolnir.js": "^2.3.0",
        "probe.gl": "^3.2.1"
      }
    },
    "@deck.gl/extensions": {
      "version": "8.3.14",
      "resolved": "https://registry.npmjs.org/@deck.gl/extensions/-/extensions-8.3.14.tgz",
      "integrity": "sha512-ycRX/Ye9c5m1M7rOtxHohe+UQ6JeKn+VGbwuowstaveIVUoSf7I8miZ9jgFpU19cDG435opVXvVxEfODlOsMYw==",
      "requires": {
        "@luma.gl/shadertools": "^8.3.1"
      }
    },
    "@deck.gl/geo-layers": {
      "version": "8.3.14",
      "resolved": "https://registry.npmjs.org/@deck.gl/geo-layers/-/geo-layers-8.3.14.tgz",
      "integrity": "sha512-wue3CLly3JkPAD40FKqHfTl4xJShuMYbrX1NYPdc9k86nySsZswu3HR5ZZ94DQQdBddvoDLPr40aiXd8h1UBhA==",
      "requires": {
        "@loaders.gl/3d-tiles": "^2.3.0",
        "@loaders.gl/loader-utils": "^2.3.0",
        "@loaders.gl/mvt": "^2.3.0",
        "@loaders.gl/terrain": "^2.3.0",
        "@loaders.gl/tiles": "^2.3.0",
        "@math.gl/culling": "^3.3.0",
        "@math.gl/web-mercator": "^3.3.0",
        "h3-js": "^3.6.0",
        "long": "^3.2.0",
        "math.gl": "^3.3.0"
      }
    },
    "@deck.gl/google-maps": {
      "version": "8.3.14",
      "resolved": "https://registry.npmjs.org/@deck.gl/google-maps/-/google-maps-8.3.14.tgz",
      "integrity": "sha512-9uBmWCt91zypRkN0aCNzGsGGq8Q6cXDCrRvXFzuUvePptqTo2SFLV5Pp8uDudZNgAcN/TDFg+GW8ye4RAdOc1g=="
    },
    "@deck.gl/json": {
      "version": "8.3.14",
      "resolved": "https://registry.npmjs.org/@deck.gl/json/-/json-8.3.14.tgz",
      "integrity": "sha512-PiHU448s/gMXF8pPCZHx4XgWuTosr5iNJNwrGAwfgFaMpRnFoyyl73iqxoAtRSFcgDMI6KhSyyV3S600DIf41g==",
      "requires": {
        "d3-dsv": "^1.0.8",
        "expression-eval": "^2.0.0"
      }
    },
    "@deck.gl/layers": {
      "version": "8.3.14",
      "resolved": "https://registry.npmjs.org/@deck.gl/layers/-/layers-8.3.14.tgz",
      "integrity": "sha512-/dtSjPoNAewgCdZ1mH4pUHb7vk6HrPXi7AjX+dl4NlsK25pUT3UgBwXH7cxJt8KpFRSgXt0IBgnruBA3dFB5yQ==",
      "requires": {
        "@loaders.gl/images": "^2.3.0",
        "@mapbox/tiny-sdf": "^1.1.0",
        "@math.gl/polygon": "^3.3.0",
        "earcut": "^2.0.6"
      }
    },
    "@deck.gl/mapbox": {
      "version": "8.3.14",
      "resolved": "https://registry.npmjs.org/@deck.gl/mapbox/-/mapbox-8.3.14.tgz",
      "integrity": "sha512-0cIxA4ga4N8EMXJPJMHxIAeQKG4Dt8vR1PEmHazB7rC5Gw1ew6hILQXpt64Bj+4xV08vbvPZNgvMs1x2k1g9eA=="
    },
    "@deck.gl/mesh-layers": {
      "version": "8.3.14",
      "resolved": "https://registry.npmjs.org/@deck.gl/mesh-layers/-/mesh-layers-8.3.14.tgz",
      "integrity": "sha512-8+XyakKrwjMzy/0oc4aqJZAzRHc/B2Gq4aQ3Y0npKmSQ9JSrWXwVlZunfwiigkfoc8KspYqvgYTDQZmBvwEwfA==",
      "requires": {
        "@luma.gl/experimental": "^8.3.1",
        "@luma.gl/shadertools": "^8.3.1"
      }
    },
    "@deck.gl/react": {
      "version": "8.3.14",
      "resolved": "https://registry.npmjs.org/@deck.gl/react/-/react-8.3.14.tgz",
      "integrity": "sha512-GthS5YR4+hiPdVkcKHuVE+AY6TPmjzxCC9iaCcj/WKnVmhePk0Es2/goGGRTi5Ti2nlE5OywVtGw9IFLX+AOaw==",
      "requires": {
        "prop-types": "^15.6.0"
      }
    },
    "@loaders.gl/3d-tiles": {
      "version": "2.3.9",
      "resolved": "https://registry.npmjs.org/@loaders.gl/3d-tiles/-/3d-tiles-2.3.9.tgz",
      "integrity": "sha512-j5Sxt39d6lL846wCBj5uaUjIbbH5qTxPe/dgoHX3W3WUvlQrjEZ4CIhRjYxKWWtEekFnJGYJMFouSLz7iuIgQA==",
      "requires": {
        "@loaders.gl/core": "2.3.9",
        "@loaders.gl/draco": "2.3.9",
        "@loaders.gl/gltf": "2.3.9",
        "@loaders.gl/loader-utils": "2.3.9",
        "@loaders.gl/math": "2.3.9",
        "@loaders.gl/tiles": "2.3.9",
        "@math.gl/core": "^3.3.0",
        "@math.gl/geospatial": "^3.3.0",
        "@probe.gl/stats": "^3.3.0"
      }
    },
    "@loaders.gl/core": {
      "version": "2.3.9",
      "resolved": "https://registry.npmjs.org/@loaders.gl/core/-/core-2.3.9.tgz",
      "integrity": "sha512-mnCaM2vUBwJl8x5nPcQh0+NWhyDyddF7Et2RisIWYPWDTFcd1O+r2rUrPMb6Vyw0ufWkPr86/zEmaKAvndVOtw==",
      "requires": {
        "@babel/runtime": "^7.3.1",
        "@loaders.gl/loader-utils": "2.3.9"
      }
    },
    "@loaders.gl/draco": {
      "version": "2.3.9",
      "resolved": "https://registry.npmjs.org/@loaders.gl/draco/-/draco-2.3.9.tgz",
      "integrity": "sha512-RnJKQAwV5MmvoWOjOdX8zUfYXnDtYSk2/XxgSf29SgOMbAFPKv/VGzheRDdlXPNP34XqrIkw38mN6uqBaOxSNA==",
      "requires": {
        "@babel/runtime": "^7.3.1",
        "@loaders.gl/loader-utils": "2.3.9",
        "draco3d": "^1.3.6"
      }
    },
    "@loaders.gl/gis": {
      "version": "2.3.9",
      "resolved": "https://registry.npmjs.org/@loaders.gl/gis/-/gis-2.3.9.tgz",
      "integrity": "sha512-18qsEdr/TAoePqudNe/ZGSm1pTenD7D46cKSS6P0mk+cyvWdiILA7TqT9qNzkQcudkTkvGyDVYl0d1fZRHCkDg==",
      "requires": {
        "@loaders.gl/loader-utils": "2.3.9",
        "@mapbox/vector-tile": "^1.3.1",
        "pbf": "^3.2.1"
      }
    },
    "@loaders.gl/gltf": {
      "version": "2.3.9",
      "resolved": "https://registry.npmjs.org/@loaders.gl/gltf/-/gltf-2.3.9.tgz",
      "integrity": "sha512-tdjUDqtnN4grzRWqIcoO+iXRTDjglW117/ilBN3DTsG/s70CzQ7kdkuXKcMDV773WuGcA/LYOQdonoZyZn3RlA==",
      "requires": {
        "@loaders.gl/core": "2.3.9",
        "@loaders.gl/draco": "2.3.9",
        "@loaders.gl/images": "2.3.9",
        "@loaders.gl/loader-utils": "2.3.9"
      }
    },
    "@loaders.gl/images": {
      "version": "2.3.9",
      "resolved": "https://registry.npmjs.org/@loaders.gl/images/-/images-2.3.9.tgz",
      "integrity": "sha512-6b/TcAc2vgNTMlIpJ2oF28Be1Y+jHHXAoaT6W6juvQiyumEG5763x+6ZfeJd0x2Bc786lwRSA2jzMKiifOQfDg==",
      "requires": {
        "@loaders.gl/loader-utils": "2.3.9"
      }
    },
    "@loaders.gl/loader-utils": {
      "version": "2.3.9",
      "resolved": "https://registry.npmjs.org/@loaders.gl/loader-utils/-/loader-utils-2.3.9.tgz",
      "integrity": "sha512-sb15yKiJa2vPOqUyGp5fglh7LQgm99gSUF0WZ/PjYIp84R9pb8qR5yeba5Y5Kx3R2oEVAJGjt9uWy1v9cGKbaA==",
      "requires": {
        "@babel/runtime": "^7.3.1",
        "@probe.gl/stats": "^3.3.0"
      }
    },
    "@loaders.gl/math": {
      "version": "2.3.9",
      "resolved": "https://registry.npmjs.org/@loaders.gl/math/-/math-2.3.9.tgz",
      "integrity": "sha512-alG5ZUP38nJbXcdWvgolS8toX4Ouy/+kqGKw6DtFd1lST0I3CpLgK1KKJZxSIUicnmpsa8sXvPd30BZ7vR/6Rw==",
      "requires": {
        "@loaders.gl/images": "2.3.9",
        "@loaders.gl/loader-utils": "2.3.9",
        "@math.gl/core": "^3.3.0"
      }
    },
    "@loaders.gl/mvt": {
      "version": "2.3.9",
      "resolved": "https://registry.npmjs.org/@loaders.gl/mvt/-/mvt-2.3.9.tgz",
      "integrity": "sha512-DlaYR6pN/K/m0tLBUDb/KwVF6K03Ck7PyDsY+2jbS7eQp8hnrsN+mMEsN9/I5UWeWeRQMJP4NjC8T85Fwtj++g==",
      "requires": {
        "@loaders.gl/gis": "2.3.9",
        "@loaders.gl/loader-utils": "2.3.9",
        "@mapbox/point-geometry": "~0.1.0",
        "@mapbox/vector-tile": "^1.3.1",
        "pbf": "^3.2.1"
      }
    },
    "@loaders.gl/terrain": {
      "version": "2.3.9",
      "resolved": "https://registry.npmjs.org/@loaders.gl/terrain/-/terrain-2.3.9.tgz",
      "integrity": "sha512-PLJ/y+QovmJDniLhZwu+Jb3OYXNnhUNmJBpAQNCl3WYbqf9pGH10rfnvtsSfIcp2vra3guwRTBNcecr792U2rw==",
      "requires": {
        "@babel/runtime": "^7.3.1",
        "@loaders.gl/loader-utils": "2.3.9",
        "@mapbox/martini": "^0.2.0"
      }
    },
    "@loaders.gl/tiles": {
      "version": "2.3.9",
      "resolved": "https://registry.npmjs.org/@loaders.gl/tiles/-/tiles-2.3.9.tgz",
      "integrity": "sha512-Dcc+NQ5dLqZ/0HUckeiKoVuZZ3ukOEUn2mweDr7W6oRYesMo1F3o9iSEndDIccE/YM3Qj9Vgpp1r54pAamXrtQ==",
      "requires": {
        "@loaders.gl/core": "2.3.9",
        "@loaders.gl/loader-utils": "2.3.9",
        "@loaders.gl/math": "2.3.9",
        "@math.gl/core": "^3.3.0",
        "@math.gl/culling": "^3.3.0",
        "@math.gl/geospatial": "^3.3.0",
        "@math.gl/web-mercator": "^3.3.0",
        "@probe.gl/stats": "^3.3.0"
      }
    },
    "@luma.gl/constants": {
      "version": "8.3.3",
      "resolved": "https://registry.npmjs.org/@luma.gl/constants/-/constants-8.3.3.tgz",
      "integrity": "sha512-NVbMtLpgmdi4miEM/wOcswAoZuXo/yXAkIxcXvp+PVM3MTEg4BoM9HYimFr7gFOJM6GHhKQ0pbo2FLbWat/mlw=="
    },
    "@luma.gl/core": {
      "version": "8.3.3",
      "resolved": "https://registry.npmjs.org/@luma.gl/core/-/core-8.3.3.tgz",
      "integrity": "sha512-Qsb04lGyXJ/xPkb2KMNHRJmCOpdiiUVljr3xTMX/d1CvcO+B3VAz2SHgC25Ns6g9SkWd0eP8rf4pfBX+G1b/hg==",
      "requires": {
        "@babel/runtime": "^7.0.0",
        "@luma.gl/constants": "8.3.3",
        "@luma.gl/engine": "8.3.3",
        "@luma.gl/shadertools": "8.3.3",
        "@luma.gl/webgl": "8.3.3"
      }
    },
    "@luma.gl/engine": {
      "version": "8.3.3",
      "resolved": "https://registry.npmjs.org/@luma.gl/engine/-/engine-8.3.3.tgz",
      "integrity": "sha512-g/xmMKyo9C/9u6vLA6Pls11VLIpK2ny541Ni/PyLLNqXCRR85Svlh09brxUBJkYklvSaYlzRSzWuO95ba4B3YQ==",
      "requires": {
        "@babel/runtime": "^7.0.0",
        "@luma.gl/constants": "8.3.3",
        "@luma.gl/gltools": "8.3.3",
        "@luma.gl/shadertools": "8.3.3",
        "@luma.gl/webgl": "8.3.3",
        "math.gl": "^3.3.0",
        "probe.gl": "^3.2.1"
      }
    },
    "@luma.gl/experimental": {
      "version": "8.3.3",
      "resolved": "https://registry.npmjs.org/@luma.gl/experimental/-/experimental-8.3.3.tgz",
      "integrity": "sha512-Eg+XsDXMKQkQpmdKOLrPEGnzICy+KkrQLDrrMnI0KeNKCN6bsVSTeotahnxP81RIDGuuXBFHkkOGmMay9wkLcw==",
      "requires": {
        "@luma.gl/constants": "8.3.3",
        "earcut": "^2.0.6",
        "math.gl": "^3.3.0"
      }
    },
    "@luma.gl/gltools": {
      "version": "8.3.3",
      "resolved": "https://registry.npmjs.org/@luma.gl/gltools/-/gltools-8.3.3.tgz",
      "integrity": "sha512-WixMWT8ljVrz5uTxFOvdR1jNsGUrBnHqB8lRcK1dRGGIYTBOzll0RakZBgzLrcTeSIQwTEhFnAtWbnBkqjclNA==",
      "requires": {
        "@babel/runtime": "^7.0.0",
        "@luma.gl/constants": "8.3.3",
        "probe.gl": "^3.2.1"
      }
    },
    "@luma.gl/shadertools": {
      "version": "8.3.3",
      "resolved": "https://registry.npmjs.org/@luma.gl/shadertools/-/shadertools-8.3.3.tgz",
      "integrity": "sha512-mtB774AOg0cA+KnFdIGp11rKCmPGpshqBsk2Bjla7XMgIO/nkObatUNnwwNqQHAM8FCdUFPpeCoOjL65OSeZQQ==",
      "requires": {
        "@babel/runtime": "^7.0.0",
        "math.gl": "^3.3.0"
      }
    },
    "@luma.gl/webgl": {
      "version": "8.3.3",
      "resolved": "https://registry.npmjs.org/@luma.gl/webgl/-/webgl-8.3.3.tgz",
      "integrity": "sha512-nB7KVdNEOxaBsVJoF3GU68ttKv2F9eTmJeaDAPce+n0+8g46CjvLn6qeVJeunzSVVHwXnZwwd73ACNbApbJ62g==",
      "requires": {
        "@babel/runtime": "^7.0.0",
        "@luma.gl/constants": "8.3.3",
        "@luma.gl/gltools": "8.3.3",
        "probe.gl": "^3.2.1"
      }
    },
    "@mapbox/martini": {
      "version": "0.2.0",
      "resolved": "https://registry.npmjs.org/@mapbox/martini/-/martini-0.2.0.tgz",
      "integrity": "sha512-7hFhtkb0KTLEls+TRw/rWayq5EeHtTaErgm/NskVoXmtgAQu/9D299aeyj6mzAR/6XUnYRp2lU+4IcrYRFjVsQ=="
    },
    "@mapbox/point-geometry": {
      "version": "0.1.0",
      "resolved": "https://registry.npmjs.org/@mapbox/point-geometry/-/point-geometry-0.1.0.tgz",
      "integrity": "sha1-ioP5M1x4YO/6Lu7KJUMyqgru2PI="
    },
    "@mapbox/tiny-sdf": {
      "version": "1.2.0",
      "resolved": "https://registry.npmjs.org/@mapbox/tiny-sdf/-/tiny-sdf-1.2.0.tgz",
      "integrity": "sha512-gy4o8kxsIQLSbY1etb+swWeXTateN6C9DrHeArrHsxuAnQFCh9MEKvy3b0C6QyMYZcrG6QEz4sJ/zr/ud9Zlgw=="
    },
    "@mapbox/vector-tile": {
      "version": "1.3.1",
      "resolved": "https://registry.npmjs.org/@mapbox/vector-tile/-/vector-tile-1.3.1.tgz",
      "integrity": "sha512-MCEddb8u44/xfQ3oD+Srl/tNcQoqTw3goGk2oLsrFxOTc3dUp+kAnby3PvAeeBYSMSjSPD1nd1AJA6W49WnoUw==",
      "requires": {
        "@mapbox/point-geometry": "~0.1.0"
      }
    },
    "@math.gl/core": {
      "version": "3.4.2",
      "resolved": "https://registry.npmjs.org/@math.gl/core/-/core-3.4.2.tgz",
      "integrity": "sha512-65vhtokCDq0N16DLwWZhPTNAGuVtTjyyi5tx950yNN3ei5BRxz2JHe6JTSnjjKO/2w9KuQYOOqokc7ARog0vKg==",
      "requires": {
        "@babel/runtime": "^7.12.0",
        "gl-matrix": "^3.0.0"
      }
    },
    "@math.gl/culling": {
      "version": "3.4.2",
      "resolved": "https://registry.npmjs.org/@math.gl/culling/-/culling-3.4.2.tgz",
      "integrity": "sha512-rjDfJp58jvTzMjX954/EMdcaVrX8UkkkXWXc1PU2+XFyAtaBYHDk7jiaFQQbBx8sqk9PKd62j3UTwtSreWyoyQ==",
      "requires": {
        "@babel/runtime": "^7.12.0",
        "@math.gl/core": "3.4.2",
        "gl-matrix": "^3.0.0"
      }
    },
    "@math.gl/geospatial": {
      "version": "3.4.2",
      "resolved": "https://registry.npmjs.org/@math.gl/geospatial/-/geospatial-3.4.2.tgz",
      "integrity": "sha512-EiCwU3B4ftrUsPPHmLqJuxo37Y7Fvi9Mqpvxj6PvdvsF8EmEvMdYgiQXSNL9vSq5JbEy9xWL2ph47wvkWFoWUQ==",
      "requires": {
        "@babel/runtime": "^7.12.0",
        "@math.gl/core": "3.4.2",
        "gl-matrix": "^3.0.0"
      }
    },
    "@math.gl/polygon": {
      "version": "3.4.2",
      "resolved": "https://registry.npmjs.org/@math.gl/polygon/-/polygon-3.4.2.tgz",
      "integrity": "sha512-ANbZmcrzavzEe0bHbdEYyiudPdGGV/quB3FxUJa3L1QCcZbnrqvnuwqX+8U8ltIDhbACG1x0Uxefwo8p77aMNw==",
      "requires": {
        "@math.gl/core": "3.4.2"
      }
    },
    "@math.gl/web-mercator": {
      "version": "3.4.2",
      "resolved": "https://registry.npmjs.org/@math.gl/web-mercator/-/web-mercator-3.4.2.tgz",
      "integrity": "sha512-Az/WI8vxbqnrTEcYgqDQ3CgCRoFA2a4XT9mkjVrT7iIlfrUF5lrIXcmpljjKvoFNBldKrng7hFSeHHM2ghgSrg==",
      "requires": {
        "@babel/runtime": "^7.12.0",
        "gl-matrix": "^3.0.0"
      }
    },
    "@probe.gl/stats": {
      "version": "3.3.0",
      "resolved": "https://registry.npmjs.org/@probe.gl/stats/-/stats-3.3.0.tgz",
      "integrity": "sha512-CV4c3EgallqZTO88u34/u9L5asL0nCVP1BEkb4qcXlh8Qz2Vmygbyjz1ViQsct6rSi2lJ52lo6W0PnlpZJJvcA==",
      "requires": {
        "@babel/runtime": "^7.0.0"
      }
    },
    "commander": {
      "version": "2.20.3",
      "resolved": "https://registry.npmjs.org/commander/-/commander-2.20.3.tgz",
      "integrity": "sha512-GpVkmM8vF2vQUkj2LvZmD35JxeJOLCwJ9cUkugyk2nuhbv3+mJvpLYYt+0+USMxE+oj+ey/lJEnhZw75x/OMcQ=="
    },
    "d3-dsv": {
      "version": "1.2.0",
      "resolved": "https://registry.npmjs.org/d3-dsv/-/d3-dsv-1.2.0.tgz",
      "integrity": "sha512-9yVlqvZcSOMhCYzniHE7EVUws7Fa1zgw+/EAV2BxJoG3ME19V6BQFBwI855XQDsxyOuG7NibqRMTtiF/Qup46g==",
      "requires": {
        "commander": "2",
        "iconv-lite": "0.4",
        "rw": "1"
      }
    },
    "d3-hexbin": {
      "version": "0.2.2",
      "resolved": "https://registry.npmjs.org/d3-hexbin/-/d3-hexbin-0.2.2.tgz",
      "integrity": "sha1-nFg32s/UcasFM3qeke8Qv8T5iDE="
    },
    "deck.gl": {
      "version": "8.3.14",
      "resolved": "https://registry.npmjs.org/deck.gl/-/deck.gl-8.3.14.tgz",
      "integrity": "sha512-uhKDJLTEUxkyC1024KO1azSt7xwRBBXOvgSArwEQjJQBJMHC2XKEKuJNkcKZKsTHWNKtTOFFp3jgJpYDYOOsnQ==",
      "requires": {
        "@deck.gl/aggregation-layers": "8.3.14",
        "@deck.gl/carto": "8.3.14",
        "@deck.gl/core": "8.3.14",
        "@deck.gl/extensions": "8.3.14",
        "@deck.gl/geo-layers": "8.3.14",
        "@deck.gl/google-maps": "8.3.14",
        "@deck.gl/json": "8.3.14",
        "@deck.gl/layers": "8.3.14",
        "@deck.gl/mapbox": "8.3.14",
        "@deck.gl/mesh-layers": "8.3.14",
        "@deck.gl/react": "8.3.14"
      }
    },
    "draco3d": {
      "version": "1.4.1",
      "resolved": "https://registry.npmjs.org/draco3d/-/draco3d-1.4.1.tgz",
      "integrity": "sha512-9Rxonc70xiovBC+Bq1h57SNZIHzWTibU1VfIGp5z3Xx8dPtv4yT5uGhiH7P5uvJRR2jkrvHafRxR7bTANkvfpg=="
    },
    "earcut": {
      "version": "2.2.2",
      "resolved": "https://registry.npmjs.org/earcut/-/earcut-2.2.2.tgz",
      "integrity": "sha512-eZoZPPJcUHnfRZ0PjLvx2qBordSiO8ofC3vt+qACLM95u+4DovnbYNpQtJh0DNsWj8RnxrQytD4WA8gj5cRIaQ=="
    },
    "expression-eval": {
      "version": "2.1.0",
      "resolved": "https://registry.npmjs.org/expression-eval/-/expression-eval-2.1.0.tgz",
      "integrity": "sha512-FUJO/Akvl/JOWkvlqZaqbkhsEWlCJWDeZG4tzX96UH68D9FeRgYgtb55C2qtqbORC0Q6x5419EDjWu4IT9kQfg==",
      "requires": {
        "jsep": "^0.3.0"
      }
    },
    "gl-matrix": {
      "version": "3.3.0",
      "resolved": "https://registry.npmjs.org/gl-matrix/-/gl-matrix-3.3.0.tgz",
      "integrity": "sha512-COb7LDz+SXaHtl/h4LeaFcNdJdAQSDeVqjiIihSXNrkWObZLhDI4hIkZC11Aeqp7bcE72clzB0BnDXr2SmslRA=="
    },
    "h3-js": {
      "version": "3.7.0",
      "resolved": "https://registry.npmjs.org/h3-js/-/h3-js-3.7.0.tgz",
      "integrity": "sha512-EcH/qGU4khZsAEG39Uu8MvaCing0JFcuoe3K4Xmg5MofDIu1cNJl7z2AQS8ggvXGxboiLJqsGirhEqFKdd2gAA=="
    },
    "hammerjs": {
      "version": "2.0.8",
      "resolved": "https://registry.npmjs.org/hammerjs/-/hammerjs-2.0.8.tgz",
      "integrity": "sha1-BO93hiz/K7edMPdpIJWTAiK/YPE="
    },
    "iconv-lite": {
      "version": "0.4.24",
      "resolved": "https://registry.npmjs.org/iconv-lite/-/iconv-lite-0.4.24.tgz",
      "integrity": "sha512-v3MXnZAcvnywkTUEZomIActle7RXXeedOR31wwl7VlyoXO4Qi9arvSenNQWne1TcRwhCL1HwLI21bEqdpj8/rA==",
      "requires": {
        "safer-buffer": ">= 2.1.2 < 3"
      }
    },
    "ieee754": {
      "version": "1.2.1",
      "resolved": "https://registry.npmjs.org/ieee754/-/ieee754-1.2.1.tgz",
      "integrity": "sha512-dcyqhDvX1C46lXZcVqCpK+FtMRQVdIMN6/Df5js2zouUsqG7I6sFxitIC+7KYK29KdXOLHdu9zL4sFnoVQnqaA=="
    },
    "js-tokens": {
      "version": "4.0.0",
      "resolved": "https://registry.npmjs.org/js-tokens/-/js-tokens-4.0.0.tgz",
      "integrity": "sha512-RdJUflcE3cUzKiMqQgsCu06FPu9UdIJO0beYbPhHN4k6apgJtifcoCtT9bcxOpYBtpD2kCM6Sbzg4CausW/PKQ=="
    },
    "jsep": {
      "version": "0.3.5",
      "resolved": "https://registry.npmjs.org/jsep/-/jsep-0.3.5.tgz",
      "integrity": "sha512-AoRLBDc6JNnKjNcmonituEABS5bcfqDhQAWWXNTFrqu6nVXBpBAGfcoTGZMFlIrh9FjmE1CQyX9CTNwZrXMMDA=="
    },
    "long": {
      "version": "3.2.0",
      "resolved": "https://registry.npmjs.org/long/-/long-3.2.0.tgz",
      "integrity": "sha1-2CG3E4yhy1gcFymQ7xTbIAtcR0s="
    },
    "loose-envify": {
      "version": "1.4.0",
      "resolved": "https://registry.npmjs.org/loose-envify/-/loose-envify-1.4.0.tgz",
      "integrity": "sha512-lyuxPGr/Wfhrlem2CL/UcnUc1zcqKAImBDzukY7Y5F/yQiNdko6+fRLevlw1HgMySw7f611UIY408EtxRSoK3Q==",
      "requires": {
        "js-tokens": "^3.0.0 || ^4.0.0"
      }
    },
    "math.gl": {
      "version": "3.4.2",
      "resolved": "https://registry.npmjs.org/math.gl/-/math.gl-3.4.2.tgz",
      "integrity": "sha512-0I77HBiC+q/XRRw807dCwUeMTUotzNQUQZEk0kPd39iRmU67dLId0+OtCGFYjIzyM+gNaj1JWueiOYV/gdl+dQ==",
      "requires": {
        "@math.gl/core": "3.4.2"
      }
    },
    "mjolnir.js": {
      "version": "2.5.0",
      "resolved": "https://registry.npmjs.org/mjolnir.js/-/mjolnir.js-2.5.0.tgz",
      "integrity": "sha512-YkVoyKs7qm9xvAgRgjx3Md/7eYqmq7VXOgTKQNnmuzcBJzMebjdIWa7FdTd0RZBrw3UL6V6TTktsxJwBMLXUNA==",
      "requires": {
        "@babel/runtime": "^7.0.0",
        "hammerjs": "^2.0.8"
      }
    },
    "object-assign": {
      "version": "4.1.1",
      "resolved": "https://registry.npmjs.org/object-assign/-/object-assign-4.1.1.tgz",
      "integrity": "sha1-IQmtx5ZYh8/AXLvUQsrIv7s2CGM="
    },
    "pbf": {
      "version": "3.2.1",
      "resolved": "https://registry.npmjs.org/pbf/-/pbf-3.2.1.tgz",
      "integrity": "sha512-ClrV7pNOn7rtmoQVF4TS1vyU0WhYRnP92fzbfF75jAIwpnzdJXf8iTd4CMEqO4yUenH6NDqLiwjqlh6QgZzgLQ==",
      "requires": {
        "ieee754": "^1.1.12",
        "resolve-protobuf-schema": "^2.1.0"
      }
    },
    "probe.gl": {
      "version": "3.3.0",
      "resolved": "https://registry.npmjs.org/probe.gl/-/probe.gl-3.3.0.tgz",
      "integrity": "sha512-59E6AEw4N8sU4PKfAl7S2UBYJCOa064WpEFcXfeFOB/36FJtplYY+261DqLjLAvOqRRHiKVEQUBo63PQ3jKeWA==",
      "requires": {
        "@babel/runtime": "^7.0.0",
        "@probe.gl/stats": "3.3.0"
      }
    },
    "prop-types": {
      "version": "15.7.2",
      "resolved": "https://registry.npmjs.org/prop-types/-/prop-types-15.7.2.tgz",
      "integrity": "sha512-8QQikdH7//R2vurIJSutZ1smHYTcLpRWEOlHnzcWHmBYrOGUysKwSsrC89BCiFj3CbrfJ/nXFdJepOVrY1GCHQ==",
      "requires": {
        "loose-envify": "^1.4.0",
        "object-assign": "^4.1.1",
        "react-is": "^16.8.1"
      }
    },
    "protocol-buffers-schema": {
      "version": "3.4.0",
      "resolved": "https://registry.npmjs.org/protocol-buffers-schema/-/protocol-buffers-schema-3.4.0.tgz",
      "integrity": "sha512-G/2kcamPF2S49W5yaMGdIpkG6+5wZF0fzBteLKgEHjbNzqjZQ85aAs1iJGto31EJaSTkNvHs5IXuHSaTLWBAiA=="
    },
    "react-is": {
      "version": "16.13.1",
      "resolved": "https://registry.npmjs.org/react-is/-/react-is-16.13.1.tgz",
      "integrity": "sha512-24e6ynE2H+OKt4kqsOvNd8kBpV65zoxbA4BVsEOB3ARVWQki/DHzaUoC5KuON/BiccDaCCTZBuOcfZs70kR8bQ=="
    },
    "regenerator-runtime": {
      "version": "0.13.7",
      "resolved": "https://registry.npmjs.org/regenerator-runtime/-/regenerator-runtime-0.13.7.tgz",
      "integrity": "sha512-a54FxoJDIr27pgf7IgeQGxmqUNYrcV338lf/6gH456HZ/PhX+5BcwHXG9ajESmwe6WRO0tAzRUrRmNONWgkrew=="
    },
    "resolve-protobuf-schema": {
      "version": "2.1.0",
      "resolved": "https://registry.npmjs.org/resolve-protobuf-schema/-/resolve-protobuf-schema-2.1.0.tgz",
      "integrity": "sha512-kI5ffTiZWmJaS/huM8wZfEMer1eRd7oJQhDuxeCLe3t7N7mX3z94CN0xPxBQxFYQTSNz9T0i+v6inKqSdK8xrQ==",
      "requires": {
        "protocol-buffers-schema": "^3.3.1"
      }
    },
    "rw": {
      "version": "1.3.3",
      "resolved": "https://registry.npmjs.org/rw/-/rw-1.3.3.tgz",
      "integrity": "sha1-P4Yt+pGrdmsUiF700BEkv9oHT7Q="
    },
    "safer-buffer": {
      "version": "2.1.2",
      "resolved": "https://registry.npmjs.org/safer-buffer/-/safer-buffer-2.1.2.tgz",
      "integrity": "sha512-YZo3K82SD7Riyi0E1EQPojLz7kpepnSQI9IyPbHHg1XXXevb5dJI7tpyN2ADxGcQbHG7vcyRHk0cbwqcQriUtg=="
    }
  }
}
